
Microsoft Visual Studio Solution File, Format Version 12.00
# Visual Studio Version 17
VisualStudioVersion = 17.5.002.0
MinimumVisualStudioVersion = 10.0.40219.1
Project("{9A19103F-16F7-4668-BE54-9A1E7A4F7556}") = "projeto-desafio-estruturas-de-ramificacao-e-loop", "projeto-desafio-estruturas-de-ramificacao-e-loop.csproj", "{7520CC8B-A192-42D1-AD22-60EF65B02D5A}"
EndProject
Global
	GlobalSection(SolutionConfigurationPlatforms) = preSolution
		Debug|Any CPU = Debug|Any CPU
		Release|Any CPU = Release|Any CPU
	EndGlobalSection
	GlobalSection(ProjectConfigurationPlatforms) = postSolution
		{7520CC8B-A192-42D1-AD22-60EF65B02D5A}.Debug|Any CPU.ActiveCfg = Debug|Any CPU
		{7520CC8B-A192-42D1-AD22-60EF65B02D5A}.Debug|Any CPU.Build.0 = Debug|Any CPU
		{7520CC8B-A192-42D1-AD22-60EF65B02D5A}.Release|Any CPU.ActiveCfg = Release|Any CPU
		{7520CC8B-A192-42D1-AD22-60EF65B02D5A}.Release|Any CPU.Build.0 = Release|Any CPU
	EndGlobalSection
	GlobalSection(SolutionProperties) = preSolution
		HideSolutionNode = FALSE
	EndGlobalSection
	GlobalSection(ExtensibilityGlobals) = postSolution
		SolutionGuid = {BA196B00-8B0F-4BD7-903B-89AF240AF9C5}
	EndGlobalSection
EndGlobal
